Microsoft Visual Studio Solution File, Format Version 12.00
# Visual Studio Version 17
VisualStudioVersion = 17.5.2.0
MinimumVisualStudioVersion = 10.0.40219.1
Project("{FAE04EC0-301F-11D3-BF4B-00C04F79EFBC}") = "Simantic.MultiModel", "Simantic.MultiModel.csproj", "{2A0AA5BF-9536-9F20-9B16-237031DE9040}"
EndProject
Global
	GlobalSection(SolutionConfigurationPlatforms) = preSolution
		Debug|Any CPU = Debug|Any CPU
		Release|Any CPU = Release|Any CPU
	EndGlobalSection
	GlobalSection(ProjectConfigurationPlatforms) = postSolution
		{2A0AA5BF-9536-9F20-9B16-237031DE9040}.Debug|Any CPU.ActiveCfg = Debug|Any CPU
		{2A0AA5BF-9536-9F20-9B16-237031DE9040}.Debug|Any CPU.Build.0 = Debug|Any CPU
		{2A0AA5BF-9536-9F20-9B16-237031DE9040}.Release|Any CPU.ActiveCfg = Release|Any CPU
		{2A0AA5BF-9536-9F20-9B16-237031DE9040}.Release|Any CPU.Build.0 = Release|Any CPU
	EndGlobalSection
	GlobalSection(SolutionProperties) = preSolution
		HideSolutionNode = FALSE
	EndGlobalSection
	GlobalSection(ExtensibilityGlobals) = postSolution
		SolutionGuid = {D02B4A7C-9788-47AB-9715-386CAEE62DD1}
	EndGlobalSection
EndGlobal
